# THIS IS AN AUTOGENERATED FILE. DO NOT EDIT THIS FILE DIRECTLY.
# yarn lockfile v1


some-new-package@^0.0.0:
  version "0.0.0"
  resolved "https://registry.yarnpkg.com/some-new-package/-/some-new-package-0.0.0.tgz#fb87acad8fe4a1af3cfcb3bd279ce14831113b04"
  integrity sha512-BnURrGFdQjE25gvB5EiK0hWyUFtsFmn1m8Yzcwu3Zb+lwn104NTkGHdcpze460S9xxaxlWoZFjzHXmFgMUVpNw==
